// !$*UTF8*$!
{
	archiveVersion = 1;
	classes = {
	};
	objectVersion = 46;
	objects = {

/* Begin PBXBuildFile section */
		1F50A8881C6541BA006318BD /* AppDelegate.swift in Sources */ = {isa = PBXBuildFile; fileRef = 1F50A8871C6541B9006318BD /* AppDelegate.swift */; };
		1F50A88A1C6541BA006318BD /* ViewController.swift in Sources */ = {isa = PBXBuildFile; fileRef = 1F50A8891C6541BA006318BD /* ViewController.swift */; };
		1F50A88D1C6541BA006318BD /* Main.storyboard in Resources */ = {isa = PBXBuildFile; fileRef = 1F50A88B1C6541BA006318BD /* Main.storyboard */; };
		1F50A88F1C6541BA006318BD /* Assets.xcassets in Resources */ = {isa = PBXBuildFile; fileRef = 1F50A88E1C6541BA006318BD /* Assets.xcassets */; };
		1F50A8921C6541BA006318BD /* LaunchScreen.storyboard in Resources */ = {isa = PBXBuildFile; fileRef = 1F50A8901C6541BA006318BD /* LaunchScreen.storyboard */; };
/* End PBXBuildFile section */

/* Begin PBXFileReference section */
		1F50A8841C6541B9006318BD /* helloMyNameIs.app */ = {isa = PBXFileReference; explicitFileType = wrapper.application; includeInIndex = 0; path = helloMyNameIs.app; sourceTree = BUILT_PRODUCTS_DIR; };
		1F50A8871C6541B9006318BD /* AppDelegate.swift */ = {isa = PBXFileReference; lastKnownFileType = sourcecode.swift; path = AppDelegate.swift; sourceTree = "<group>"; };
		1F50A8891C6541BA006318BD /* ViewController.swift */ = {isa = PBXFileReference; lastKnownFileType = sourcecode.swift; path = ViewController.swift; sourceTree = "<group>"; };
		1F50A88C1C6541BA006318BD /* Base */ = {isa = PBXFileReference; lastKnownFileType = file.storyboard; name = Base; path = Base.lproj/Main.storyboard; sourceTree = "<group>"; };
		1F50A88E1C6541BA006318BD /* Assets.xcassets */ = {isa = PBXFileReference; lastKnownFileType = folder.assetcatalog; path = Assets.xcassets; sourceTree = "<group>"; };
		1F50A8911C6541BA006318BD /* Base */ = {isa = PBXFileReference; lastKnownFileType = file.storyboard; name = Base; path = Base.lproj/LaunchScreen.storyboard; sourceTree = "<group>"; };
		1F50A8931C6541BA006318BD /* Info.plist */ = {isa = PBXFileReference; lastKnownFileType = text.plist.xml; path = Info.plist; sourceTree = "<group>"; };
/* End PBXFileReference section */

/* Begin PBXFrameworksBuildPhase section */
		1F50A8811C6541B9006318BD /* Frameworks */ = {
			isa = PBXFrameworksBuildPhase;
			buildActionMask = 2147483647;
			files = (
			);
			runOnlyForDeploymentPostprocessing = 0;
		};
/* End PBXFrameworksBuildPhase section */

/* Begin PBXGroup section */
		1F50A87B1C6541B9006318BD = {
			isa = PBXGroup;
			children = (
				1F50A8861C6541B9006318BD /* helloMyNameIs */,
				1F50A8851C6541B9006318BD /* Products */,
			);
			sourceTree = "<group>";
		};
		1F50A8851C6541B9006318BD /* Products */ = {
			isa = PBXGroup;
			children = (
				1F50A8841C6541B9006318BD /* helloMyNameIs.app */,
			);
			name = Products;
			sourceTree = "<group>";
		};
		1F50A8861C6541B9006318BD /* helloMyNameIs */ = {
			isa = PBXGroup;
			children = (
				1F50A8871C6541B9006318BD /* AppDelegate.swift */,
				1F50A8891C6541BA006318BD /* ViewController.swift */,
				1F50A88B1C6541BA006318BD /* Main.storyboard */,
				1F50A88E1C6541BA006318BD /* Assets.xcassets */,
				1F50A8901C6541BA006318BD /* LaunchScreen.storyboard */,
				1F50A8931C6541BA006318BD /* Info.plist */,
			);
			path = helloMyNameIs;
			sourceTree = "<group>";
		};
/* End PBXGroup section */

/* Begin PBXNativeTarget section */
		1F50A8831C6541B9006318BD /* helloMyNameIs */ = {
			isa = PBXNativeTarget;
			buildConfigurationList = 1F50A8961C6541BA006318BD /* Build configuration list for PBXNativeTarget "helloMyNameIs" */;
			buildPhases = (
				1F50A8801C6541B9006318BD /* Sources */,
				1F50A8811C6541B9006318BD /* Frameworks */,
				1F50A8821C6541B9006318BD /* Resources */,
			);
			buildRules = (
			);
			dependencies = (
			);
			name = helloMyNameIs;
			productName = helloMyNameIs;
			productReference = 1F50A8841C6541B9006318BD /* helloMyNameIs.app */;
			productType = "com.apple.product-type.application";
		};
/* End PBXNativeTarget section */

/* Begin PBXProject section */
		1F50A87C1C6541B9006318BD /* Project object */ = {
			isa = PBXProject;
			attributes = {
				LastSwiftUpdateCheck = 0720;
				LastUpgradeCheck = 0720;
				ORGANIZATIONNAME = MelloBar;
				TargetAttributes = {
					1F50A8831C6541B9006318BD = {
						CreatedOnToolsVersion = 7.2;
					};
				};
			};
			buildConfigurationList = 1F50A87F1C6541B9006318BD /* Build configuration list for PBXProject "helloMyNameIs" */;
			compatibilityVersion = "Xcode 3.2";
			developmentRegion = English;
			hasScannedForEncodings = 0;
			knownRegions = (
				en,
				Base,
			);
			mainGroup = 1F50A87B1C6541B9006318BD;
			productRefGroup = 1F50A8851C6541B9006318BD /* Products */;
			projectDirPath = "";
			projectRoot = "";
			targets = (
				1F50A8831C6541B9006318BD /* helloMyNameIs */,
			);
		};
/* End PBXProject section */

/* Begin PBXResourcesBuildPhase section */
		1F50A8821C6541B9006318BD /* Resources */ = {
			isa = PBXResourcesBuildPhase;
			buildActionMask = 2147483647;
			files = (
				1F50A8921C6541BA006318BD /* LaunchScreen.storyboard in Resources */,
				1F50A88F1C6541BA006318BD /* Assets.xcassets in Resources */,
				1F50A88D1C6541BA006318BD /* Main.storyboard in Resources */,
			);
			runOnlyForDeploymentPostprocessing = 0;
		};
/* End PBXResourcesBuildPhase section */

/* Begin PBXSourcesBuildPhase section */
		1F50A8801C6541B9006318BD /* Sources */ = {
			isa = PBXSourcesBuildPhase;
			buildActionMask = 2147483647;
			files = (
				1F50A88A1C6541BA006318BD /* ViewController.swift in Sources */,
				1F50A8881C6541BA006318BD /* AppDelegate.swift in Sources */,
			);
			runOnlyForDeploymentPostprocessing = 0;
		};
/* End PBXSourcesBuildPhase section */

/* Begin PBXVariantGroup section */
		1F50A88B1C6541BA006318BD /* Main.storyboard */ = {
			isa = PBXVariantGroup;
			children = (
				1F50A88C1C6541BA006318BD /* Base */,
			);
			name = Main.storyboard;
			sourceTree = "<group>";
		};
		1F50A8901C6541BA006318BD /* LaunchScreen.storyboard */ = {
			isa = PBXVariantGroup;
			children = (
				1F50A8911C6541BA006318BD /* Base */,
			);
			name = LaunchScreen.storyboard;
			sourceTree = "<group>";
		};
/* End PBXVariantGroup section */

/* Begin XCBuildConfiguration section */
		1F50A8941C6541BA006318BD /* Debug */ = {
			isa = XCBuildConfiguration;
			buildSettings = {
				ALWAYS_SEARCH_USER_PATHS = NO;
				CLANG_CXX_LANGUAGE_STANDARD = "gnu++0x";
				CLANG_CXX_LIBRARY = "libc++";
				CLANG_ENABLE_MODULES = YES;
				CLANG_ENABLE_OBJC_ARC = YES;
				CLANG_WARN_BOOL_CONVERSION = YES;
				CLANG_WARN_CONSTANT_CONVERSION = YES;
				CLANG_WARN_DIRECT_OBJC_ISA_USAGE = YES_ERROR;
				CLANG_WARN_EMPTY_BODY = YES;
				CLANG_WARN_ENUM_CONVERSION = YES;
				CLANG_WARN_INT_CONVERSION = YES;
				CLANG_WARN_OBJC_ROOT_CLASS = YES_ERROR;
				CLANG_WARN_UNREACHABLE_CODE = YES;
				CLANG_WARN__DUPLICATE_METHOD_MATCH = YES;
				"CODE_SIGN_IDENTITY[sdk=iphoneos*]" = "iPhone Developer";
				COPY_PHASE_STRIP = NO;
				DEBUG_INFORMATION_FORMAT = dwarf;
				ENABLE_STRICT_OBJC_MSGSEND = YES;
				ENABLE_TESTABILITY = YES;
				GCC_C_LANGUAGE_STANDARD = gnu99;
				GCC_DYNAMIC_NO_PIC = NO;
				GCC_NO_COMMON_BLOCKS = YES;
				GCC_OPTIMIZATION_LEVEL = 0;
				GCC_PREPROCESSOR_DEFINITIONS = (
					"DEBUG=1",
					"$(inherited)",
				);
				GCC_WARN_64_TO_32_BIT_CONVERSION = YES;
				GCC_WARN_ABOUT_RETURN_TYPE = YES_ERROR;
				GCC_WARN_UNDECLARED_SELECTOR = YES;
				GCC_WARN_UNINITIALIZED_AUTOS = YES_AGGRESSIVE;
				GCC_WARN_UNUSED_FUNCTION = YES;
				GCC_WARN_UNUSED_VARIABLE = YES;
				IPHONEOS_DEPLOYMENT_TARGET = 9.2;
				MTL_ENABLE_DEBUG_INFO = YES;
				ONLY_ACTIVE_ARCH = YES;
				SDKROOT = iphoneos;
				SWIFT_OPTIMIZATION_LEVEL = "-Onone";
			};
			name = Debug;
		};
		1F50A8951C6541BA006318BD /* Release */ = {
			isa = XCBuildConfiguration;
			buildSettings = {
				ALWAYS_SEARCH_USER_PATHS = NO;
				CLANG_CXX_LANGUAGE_STANDARD = "gnu++0x";
				CLANG_CXX_LIBRARY = "libc++";
				CLANG_ENABLE_MODULES = YES;
				CLANG_ENABLE_OBJC_ARC = YES;
				CLANG_WARN_BOOL_CONVERSION = YES;
				CLANG_WARN_CONSTANT_CONVERSION = YES;
				CLANG_WARN_DIRECT_OBJC_ISA_USAGE = YES_ERROR;
				CLANG_WARN_EMPTY_BODY = YES;
				CLANG_WARN_ENUM_CONVERSION = YES;
				CLANG_WARN_INT_CONVERSION = YES;
				CLANG_WARN_OBJC_ROOT_CLASS = YES_ERROR;
				CLANG_WARN_UNREACHABLE_CODE = YES;
				CLANG_WARN__DUPLICATE_METHOD_MATCH = YES;
				"CODE_SIGN_IDENTITY[sdk=iphoneos*]" = "iPhone Developer";
				COPY_PHASE_STRIP = NO;
				DEBUG_INFORMATION_FORMAT = "dwarf-with-dsym";
				ENABLE_NS_ASSERTIONS = NO;
				ENABLE_STRICT_OBJC_MSGSEND = YES;
				GCC_C_LANGUAGE_STANDARD = gnu99;
				GCC_NO_COMMON_BLOCKS = YES;
				GCC_WARN_64_TO_32_BIT_CONVERSION = YES;
				GCC_WARN_ABOUT_RETURN_TYPE = YES_ERROR;
				GCC_WARN_UNDECLARED_SELECTOR = YES;
				GCC_WARN_UNINITIALIZED_AUTOS = YES_AGGRESSIVE;
				GCC_WARN_UNUSED_FUNCTION = YES;
				GCC_WARN_UNUSED_VARIABLE = YES;
				IPHONEOS_DEPLOYMENT_TARGET = 9.2;
				MTL_ENABLE_DEBUG_INFO = NO;
				SDKROOT = iphoneos;
				VALIDATE_PRODUCT = YES;
			};
			name = Release;
		};
		1F50A8971C6541BA006318BD /* Debug */ = {
			isa = XCBuildConfiguration;
			buildSettings = {
				ASSETCATALOG_COMPILER_APPICON_NAME = AppIcon;
				INFOPLIST_FILE = helloMyNameIs/Info.plist;
				LD_RUNPATH_SEARCH_PATHS = "$(inherited) @executable_path/Frameworks";
				PRODUCT_BUNDLE_IDENTIFIER = com.MelloBar.helloMyNameIs;
				PRODUCT_NAME = "$(TARGET_NAME)";
			};
			name = Debug;
		};
		1F50A8981C6541BA006318BD /* Release */ = {
			isa = XCBuildConfiguration;
			buildSettings = {
				ASSETCATALOG_COMPILER_APPICON_NAME = AppIcon;
				INFOPLIST_FILE = helloMyNameIs/Info.plist;
				LD_RUNPATH_SEARCH_PATHS = "$(inherited) @executable_path/Frameworks";
				PRODUCT_BUNDLE_IDENTIFIER = com.MelloBar.helloMyNameIs;
				PRODUCT_NAME = "$(TARGET_NAME)";
			};
			name = Release;
		};
/* End XCBuildConfiguration section */

/* Begin XCConfigurationList section */
		1F50A87F1C6541B9006318BD /* Build configuration list for PBXProject "helloMyNameIs" */ = {
			isa = XCConfigurationList;
			buildConfigurations = (
				1F50A8941C6541BA006318BD /* Debug */,
				1F50A8951C6541BA006318BD /* Release */,
			);
			defaultConfigurationIsVisible = 0;
			defaultConfigurationName = Release;
		};
		1F50A8961C6541BA006318BD /* Build configuration list for PBXNativeTarget "helloMyNameIs" */ = {
			isa = XCConfigurationList;
			buildConfigurations = (
				1F50A8971C6541BA006318BD /* Debug */,
				1F50A8981C6541BA006318BD /* Release */,
			);
			defaultConfigurationIsVisible = 0;
		};
/* End XCConfigurationList section */
	};
	rootObject = 1F50A87C1C6541B9006318BD /* Project object */;
}
